
Microsoft Visual Studio Solution File, Format Version 12.00
# Visual Studio Version 17
VisualStudioVersion = 17.8.34330.188
MinimumVisualStudioVersion = 10.0.40219.1
Project("{FAE04EC0-301F-11D3-BF4B-00C04F79EFBC}") = "BoraYildirimOdev", "BoraYildirimOdev\BoraYildirimOdev.csproj", "{4CD6F3E0-F926-4375-A539-86DF14F1E57B}"
EndProject
Global
	GlobalSection(SolutionConfigurationPlatforms) = preSolution
		Debug|Any CPU = Debug|Any CPU
		Release|Any CPU = Release|Any CPU
	EndGlobalSection
	GlobalSection(ProjectConfigurationPlatforms) = postSolution
		{4CD6F3E0-F926-4375-A539-86DF14F1E57B}.Debug|Any CPU.ActiveCfg = Debug|Any CPU
		{4CD6F3E0-F926-4375-A539-86DF14F1E57B}.Debug|Any CPU.Build.0 = Debug|Any CPU
		{4CD6F3E0-F926-4375-A539-86DF14F1E57B}.Release|Any CPU.ActiveCfg = Release|Any CPU
		{4CD6F3E0-F926-4375-A539-86DF14F1E57B}.Release|Any CPU.Build.0 = Release|Any CPU
	EndGlobalSection
	GlobalSection(SolutionProperties) = preSolution
		HideSolutionNode = FALSE
	EndGlobalSection
	GlobalSection(ExtensibilityGlobals) = postSolution
		SolutionGuid = {0D04BE08-2F4E-47C3-AF47-F20A95FB4404}
	EndGlobalSection
EndGlobal
